
Microsoft Visual Studio Solution File, Format Version 12.00
# Visual Studio Version 17
VisualStudioVersion = 17.2.32630.192
MinimumVisualStudioVersion = 10.0.40219.1
Project("{FAE04EC0-301F-11D3-BF4B-00C04F79EFBC}") = "nico", "nico\nico.csproj", "{003F8351-479F-447A-89AC-AB82157455C3}"
EndProject
Global
	GlobalSection(SolutionConfigurationPlatforms) = preSolution
		Debug|Any CPU = Debug|Any CPU
		Release|Any CPU = Release|Any CPU
	EndGlobalSection
	GlobalSection(ProjectConfigurationPlatforms) = postSolution
		{003F8351-479F-447A-89AC-AB82157455C3}.Debug|Any CPU.ActiveCfg = Debug|Any CPU
		{003F8351-479F-447A-89AC-AB82157455C3}.Debug|Any CPU.Build.0 = Debug|Any CPU
		{003F8351-479F-447A-89AC-AB82157455C3}.Release|Any CPU.ActiveCfg = Release|Any CPU
		{003F8351-479F-447A-89AC-AB82157455C3}.Release|Any CPU.Build.0 = Release|Any CPU
	EndGlobalSection
	GlobalSection(SolutionProperties) = preSolution
		HideSolutionNode = FALSE
	EndGlobalSection
	GlobalSection(ExtensibilityGlobals) = postSolution
		SolutionGuid = {DDAEFEC2-4A90-4A0C-9C78-8C18B66EB89D}
	EndGlobalSection
EndGlobal
